// !$*UTF8*$!
{
	archiveVersion = 1;
	classes = {
	};
	objectVersion = 55;
	objects = {

/* Begin PBXBuildFile section */
		22A9A19328CF9904009657AB /* AppDelegate.swift in Sources */ = {isa = PBXBuildFile; fileRef = 22A9A19228CF9904009657AB /* AppDelegate.swift */; };
		22A9A19528CF9904009657AB /* SceneDelegate.swift in Sources */ = {isa = PBXBuildFile; fileRef = 22A9A19428CF9904009657AB /* SceneDelegate.swift */; };
		22A9A19728CF9904009657AB /* ViewController.swift in Sources */ = {isa = PBXBuildFile; fileRef = 22A9A19628CF9904009657AB /* ViewController.swift */; };
		22A9A19A28CF9904009657AB /* Main.storyboard in Resources */ = {isa = PBXBuildFile; fileRef = 22A9A19828CF9904009657AB /* Main.storyboard */; };
		22A9A19C28CF9908009657AB /* Assets.xcassets in Resources */ = {isa = PBXBuildFile; fileRef = 22A9A19B28CF9908009657AB /* Assets.xcassets */; };
		22A9A19F28CF9908009657AB /* LaunchScreen.storyboard in Resources */ = {isa = PBXBuildFile; fileRef = 22A9A19D28CF9908009657AB /* LaunchScreen.storyboard */; };
		22A9A1AA28CF9908009657AB /* VoiceOverTests.swift in Sources */ = {isa = PBXBuildFile; fileRef = 22A9A1A928CF9908009657AB /* VoiceOverTests.swift */; };
		22A9A1B428CF9908009657AB /* VoiceOverUITests.swift in Sources */ = {isa = PBXBuildFile; fileRef = 22A9A1B328CF9908009657AB /* VoiceOverUITests.swift */; };
		22A9A1B628CF9908009657AB /* VoiceOverUITestsLaunchTests.swift in Sources */ = {isa = PBXBuildFile; fileRef = 22A9A1B528CF9908009657AB /* VoiceOverUITestsLaunchTests.swift */; };
/* End PBXBuildFile section */

/* Begin PBXContainerItemProxy section */
		22A9A1A628CF9908009657AB /* PBXContainerItemProxy */ = {
			isa = PBXContainerItemProxy;
			containerPortal = 22A9A18728CF9904009657AB /* Project object */;
			proxyType = 1;
			remoteGlobalIDString = 22A9A18E28CF9904009657AB;
			remoteInfo = VoiceOver;
		};
		22A9A1B028CF9908009657AB /* PBXContainerItemProxy */ = {
			isa = PBXContainerItemProxy;
			containerPortal = 22A9A18728CF9904009657AB /* Project object */;
			proxyType = 1;
			remoteGlobalIDString = 22A9A18E28CF9904009657AB;
			remoteInfo = VoiceOver;
		};
/* End PBXContainerItemProxy section */

/* Begin PBXFileReference section */
		22A9A18F28CF9904009657AB /* VoiceOver.app */ = {isa = PBXFileReference; explicitFileType = wrapper.application; includeInIndex = 0; path = VoiceOver.app; sourceTree = BUILT_PRODUCTS_DIR; };
		22A9A19228CF9904009657AB /* AppDelegate.swift */ = {isa = PBXFileReference; lastKnownFileType = sourcecode.swift; path = AppDelegate.swift; sourceTree = "<group>"; };
		22A9A19428CF9904009657AB /* SceneDelegate.swift */ = {isa = PBXFileReference; lastKnownFileType = sourcecode.swift; path = SceneDelegate.swift; sourceTree = "<group>"; };
		22A9A19628CF9904009657AB /* ViewController.swift */ = {isa = PBXFileReference; lastKnownFileType = sourcecode.swift; path = ViewController.swift; sourceTree = "<group>"; };
		22A9A19928CF9904009657AB /* Base */ = {isa = PBXFileReference; lastKnownFileType = file.storyboard; name = Base; path = Base.lproj/Main.storyboard; sourceTree = "<group>"; };
		22A9A19B28CF9908009657AB /* Assets.xcassets */ = {isa = PBXFileReference; lastKnownFileType = folder.assetcatalog; path = Assets.xcassets; sourceTree = "<group>"; };
		22A9A19E28CF9908009657AB /* Base */ = {isa = PBXFileReference; lastKnownFileType = file.storyboard; name = Base; path = Base.lproj/LaunchScreen.storyboard; sourceTree = "<group>"; };
		22A9A1A028CF9908009657AB /* Info.plist */ = {isa = PBXFileReference; lastKnownFileType = text.plist.xml; path = Info.plist; sourceTree = "<group>"; };
		22A9A1A528CF9908009657AB /* VoiceOverTests.xctest */ = {isa = PBXFileReference; explicitFileType = wrapper.cfbundle; includeInIndex = 0; path = VoiceOverTests.xctest; sourceTree = BUILT_PRODUCTS_DIR; };
		22A9A1A928CF9908009657AB /* VoiceOverTests.swift */ = {isa = PBXFileReference; lastKnownFileType = sourcecode.swift; path = VoiceOverTests.swift; sourceTree = "<group>"; };
		22A9A1AF28CF9908009657AB /* VoiceOverUITests.xctest */ = {isa = PBXFileReference; explicitFileType = wrapper.cfbundle; includeInIndex = 0; path = VoiceOverUITests.xctest; sourceTree = BUILT_PRODUCTS_DIR; };
		22A9A1B328CF9908009657AB /* VoiceOverUITests.swift */ = {isa = PBXFileReference; lastKnownFileType = sourcecode.swift; path = VoiceOverUITests.swift; sourceTree = "<group>"; };
		22A9A1B528CF9908009657AB /* VoiceOverUITestsLaunchTests.swift */ = {isa = PBXFileReference; lastKnownFileType = sourcecode.swift; path = VoiceOverUITestsLaunchTests.swift; sourceTree = "<group>"; };
/* End PBXFileReference section */

/* Begin PBXFrameworksBuildPhase section */
		22A9A18C28CF9904009657AB /* Frameworks */ = {
			isa = PBXFrameworksBuildPhase;
			buildActionMask = 2147483647;
			files = (
			);
			runOnlyForDeploymentPostprocessing = 0;
		};
		22A9A1A228CF9908009657AB /* Frameworks */ = {
			isa = PBXFrameworksBuildPhase;
			buildActionMask = 2147483647;
			files = (
			);
			runOnlyForDeploymentPostprocessing = 0;
		};
		22A9A1AC28CF9908009657AB /* Frameworks */ = {
			isa = PBXFrameworksBuildPhase;
			buildActionMask = 2147483647;
			files = (
			);
			runOnlyForDeploymentPostprocessing = 0;
		};
/* End PBXFrameworksBuildPhase section */

/* Begin PBXGroup section */
		22A9A18628CF9904009657AB = {
			isa = PBXGroup;
			children = (
				22A9A19128CF9904009657AB /* VoiceOver */,
				22A9A1A828CF9908009657AB /* VoiceOverTests */,
				22A9A1B228CF9908009657AB /* VoiceOverUITests */,
				22A9A19028CF9904009657AB /* Products */,
			);
			sourceTree = "<group>";
		};
		22A9A19028CF9904009657AB /* Products */ = {
			isa = PBXGroup;
			children = (
				22A9A18F28CF9904009657AB /* VoiceOver.app */,
				22A9A1A528CF9908009657AB /* VoiceOverTests.xctest */,
				22A9A1AF28CF9908009657AB /* VoiceOverUITests.xctest */,
			);
			name = Products;
			sourceTree = "<group>";
		};
		22A9A19128CF9904009657AB /* VoiceOver */ = {
			isa = PBXGroup;
			children = (
				22A9A19228CF9904009657AB /* AppDelegate.swift */,
				22A9A19428CF9904009657AB /* SceneDelegate.swift */,
				22A9A19628CF9904009657AB /* ViewController.swift */,
				22A9A19828CF9904009657AB /* Main.storyboard */,
				22A9A19B28CF9908009657AB /* Assets.xcassets */,
				22A9A19D28CF9908009657AB /* LaunchScreen.storyboard */,
				22A9A1A028CF9908009657AB /* Info.plist */,
			);
			path = VoiceOver;
			sourceTree = "<group>";
		};
		22A9A1A828CF9908009657AB /* VoiceOverTests */ = {
			isa = PBXGroup;
			children = (
				22A9A1A928CF9908009657AB /* VoiceOverTests.swift */,
			);
			path = VoiceOverTests;
			sourceTree = "<group>";
		};
		22A9A1B228CF9908009657AB /* VoiceOverUITests */ = {
			isa = PBXGroup;
			children = (
				22A9A1B328CF9908009657AB /* VoiceOverUITests.swift */,
				22A9A1B528CF9908009657AB /* VoiceOverUITestsLaunchTests.swift */,
			);
			path = VoiceOverUITests;
			sourceTree = "<group>";
		};
/* End PBXGroup section */

/* Begin PBXNativeTarget section */
		22A9A18E28CF9904009657AB /* VoiceOver */ = {
			isa = PBXNativeTarget;
			buildConfigurationList = 22A9A1B928CF9908009657AB /* Build configuration list for PBXNativeTarget "VoiceOver" */;
			buildPhases = (
				22A9A18B28CF9904009657AB /* Sources */,
				22A9A18C28CF9904009657AB /* Frameworks */,
				22A9A18D28CF9904009657AB /* Resources */,
			);
			buildRules = (
			);
			dependencies = (
			);
			name = VoiceOver;
			productName = VoiceOver;
			productReference = 22A9A18F28CF9904009657AB /* VoiceOver.app */;
			productType = "com.apple.product-type.application";
		};
		22A9A1A428CF9908009657AB /* VoiceOverTests */ = {
			isa = PBXNativeTarget;
			buildConfigurationList = 22A9A1BC28CF9908009657AB /* Build configuration list for PBXNativeTarget "VoiceOverTests" */;
			buildPhases = (
				22A9A1A128CF9908009657AB /* Sources */,
				22A9A1A228CF9908009657AB /* Frameworks */,
				22A9A1A328CF9908009657AB /* Resources */,
			);
			buildRules = (
			);
			dependencies = (
				22A9A1A728CF9908009657AB /* PBXTargetDependency */,
			);
			name = VoiceOverTests;
			productName = VoiceOverTests;
			productReference = 22A9A1A528CF9908009657AB /* VoiceOverTests.xctest */;
			productType = "com.apple.product-type.bundle.unit-test";
		};
		22A9A1AE28CF9908009657AB /* VoiceOverUITests */ = {
			isa = PBXNativeTarget;
			buildConfigurationList = 22A9A1BF28CF9908009657AB /* Build configuration list for PBXNativeTarget "VoiceOverUITests" */;
			buildPhases = (
				22A9A1AB28CF9908009657AB /* Sources */,
				22A9A1AC28CF9908009657AB /* Frameworks */,
				22A9A1AD28CF9908009657AB /* Resources */,
			);
			buildRules = (
			);
			dependencies = (
				22A9A1B128CF9908009657AB /* PBXTargetDependency */,
			);
			name = VoiceOverUITests;
			productName = VoiceOverUITests;
			productReference = 22A9A1AF28CF9908009657AB /* VoiceOverUITests.xctest */;
			productType = "com.apple.product-type.bundle.ui-testing";
		};
/* End PBXNativeTarget section */

/* Begin PBXProject section */
		22A9A18728CF9904009657AB /* Project object */ = {
			isa = PBXProject;
			attributes = {
				BuildIndependentTargetsInParallel = 1;
				LastSwiftUpdateCheck = 1340;
				LastUpgradeCheck = 1340;
				TargetAttributes = {
					22A9A18E28CF9904009657AB = {
						CreatedOnToolsVersion = 13.4.1;
					};
					22A9A1A428CF9908009657AB = {
						CreatedOnToolsVersion = 13.4.1;
						TestTargetID = 22A9A18E28CF9904009657AB;
					};
					22A9A1AE28CF9908009657AB = {
						CreatedOnToolsVersion = 13.4.1;
						TestTargetID = 22A9A18E28CF9904009657AB;
					};
				};
			};
			buildConfigurationList = 22A9A18A28CF9904009657AB /* Build configuration list for PBXProject "VoiceOver" */;
			compatibilityVersion = "Xcode 13.0";
			developmentRegion = en;
			hasScannedForEncodings = 0;
			knownRegions = (
				en,
				Base,
			);
			mainGroup = 22A9A18628CF9904009657AB;
			productRefGroup = 22A9A19028CF9904009657AB /* Products */;
			projectDirPath = "";
			projectRoot = "";
			targets = (
				22A9A18E28CF9904009657AB /* VoiceOver */,
				22A9A1A428CF9908009657AB /* VoiceOverTests */,
				22A9A1AE28CF9908009657AB /* VoiceOverUITests */,
			);
		};
/* End PBXProject section */

/* Begin PBXResourcesBuildPhase section */
		22A9A18D28CF9904009657AB /* Resources */ = {
			isa = PBXResourcesBuildPhase;
			buildActionMask = 2147483647;
			files = (
				22A9A19F28CF9908009657AB /* LaunchScreen.storyboard in Resources */,
				22A9A19C28CF9908009657AB /* Assets.xcassets in Resources */,
				22A9A19A28CF9904009657AB /* Main.storyboard in Resources */,
			);
			runOnlyForDeploymentPostprocessing = 0;
		};
		22A9A1A328CF9908009657AB /* Resources */ = {
			isa = PBXResourcesBuildPhase;
			buildActionMask = 2147483647;
			files = (
			);
			runOnlyForDeploymentPostprocessing = 0;
		};
		22A9A1AD28CF9908009657AB /* Resources */ = {
			isa = PBXResourcesBuildPhase;
			buildActionMask = 2147483647;
			files = (
			);
			runOnlyForDeploymentPostprocessing = 0;
		};
/* End PBXResourcesBuildPhase section */

/* Begin PBXSourcesBuildPhase section */
		22A9A18B28CF9904009657AB /* Sources */ = {
			isa = PBXSourcesBuildPhase;
			buildActionMask = 2147483647;
			files = (
				22A9A19728CF9904009657AB /* ViewController.swift in Sources */,
				22A9A19328CF9904009657AB /* AppDelegate.swift in Sources */,
				22A9A19528CF9904009657AB /* SceneDelegate.swift in Sources */,
			);
			runOnlyForDeploymentPostprocessing = 0;
		};
		22A9A1A128CF9908009657AB /* Sources */ = {
			isa = PBXSourcesBuildPhase;
			buildActionMask = 2147483647;
			files = (
				22A9A1AA28CF9908009657AB /* VoiceOverTests.swift in Sources */,
			);
			runOnlyForDeploymentPostprocessing = 0;
		};
		22A9A1AB28CF9908009657AB /* Sources */ = {
			isa = PBXSourcesBuildPhase;
			buildActionMask = 2147483647;
			files = (
				22A9A1B428CF9908009657AB /* VoiceOverUITests.swift in Sources */,
				22A9A1B628CF9908009657AB /* VoiceOverUITestsLaunchTests.swift in Sources */,
			);
			runOnlyForDeploymentPostprocessing = 0;
		};
/* End PBXSourcesBuildPhase section */

/* Begin PBXTargetDependency section */
		22A9A1A728CF9908009657AB /* PBXTargetDependency */ = {
			isa = PBXTargetDependency;
			target = 22A9A18E28CF9904009657AB /* VoiceOver */;
			targetProxy = 22A9A1A628CF9908009657AB /* PBXContainerItemProxy */;
		};
		22A9A1B128CF9908009657AB /* PBXTargetDependency */ = {
			isa = PBXTargetDependency;
			target = 22A9A18E28CF9904009657AB /* VoiceOver */;
			targetProxy = 22A9A1B028CF9908009657AB /* PBXContainerItemProxy */;
		};
/* End PBXTargetDependency section */

/* Begin PBXVariantGroup section */
		22A9A19828CF9904009657AB /* Main.storyboard */ = {
			isa = PBXVariantGroup;
			children = (
				22A9A19928CF9904009657AB /* Base */,
			);
			name = Main.storyboard;
			sourceTree = "<group>";
		};
		22A9A19D28CF9908009657AB /* LaunchScreen.storyboard */ = {
			isa = PBXVariantGroup;
			children = (
				22A9A19E28CF9908009657AB /* Base */,
			);
			name = LaunchScreen.storyboard;
			sourceTree = "<group>";
		};
/* End PBXVariantGroup section */

/* Begin XCBuildConfiguration section */
		22A9A1B728CF9908009657AB /* Debug */ = {
			isa = XCBuildConfiguration;
			buildSettings = {
				ALWAYS_SEARCH_USER_PATHS = NO;
				CLANG_ANALYZER_NONNULL = YES;
				CLANG_ANALYZER_NUMBER_OBJECT_CONVERSION = YES_AGGRESSIVE;
				CLANG_CXX_LANGUAGE_STANDARD = "gnu++17";
				CLANG_ENABLE_MODULES = YES;
				CLANG_ENABLE_OBJC_ARC = YES;
				CLANG_ENABLE_OBJC_WEAK = YES;
				CLANG_WARN_BLOCK_CAPTURE_AUTORELEASING = YES;
				CLANG_WARN_BOOL_CONVERSION = YES;
				CLANG_WARN_COMMA = YES;
				CLANG_WARN_CONSTANT_CONVERSION = YES;
				CLANG_WARN_DEPRECATED_OBJC_IMPLEMENTATIONS = YES;
				CLANG_WARN_DIRECT_OBJC_ISA_USAGE = YES_ERROR;
				CLANG_WARN_DOCUMENTATION_COMMENTS = YES;
				CLANG_WARN_EMPTY_BODY = YES;
				CLANG_WARN_ENUM_CONVERSION = YES;
				CLANG_WARN_INFINITE_RECURSION = YES;
				CLANG_WARN_INT_CONVERSION = YES;
				CLANG_WARN_NON_LITERAL_NULL_CONVERSION = YES;
				CLANG_WARN_OBJC_IMPLICIT_RETAIN_SELF = YES;
				CLANG_WARN_OBJC_LITERAL_CONVERSION = YES;
				CLANG_WARN_OBJC_ROOT_CLASS = YES_ERROR;
				CLANG_WARN_QUOTED_INCLUDE_IN_FRAMEWORK_HEADER = YES;
				CLANG_WARN_RANGE_LOOP_ANALYSIS = YES;
				CLANG_WARN_STRICT_PROTOTYPES = YES;
				CLANG_WARN_SUSPICIOUS_MOVE = YES;
				CLANG_WARN_UNGUARDED_AVAILABILITY = YES_AGGRESSIVE;
				CLANG_WARN_UNREACHABLE_CODE = YES;
				CLANG_WARN__DUPLICATE_METHOD_MATCH = YES;
				COPY_PHASE_STRIP = NO;
				DEBUG_INFORMATION_FORMAT = dwarf;
				ENABLE_STRICT_OBJC_MSGSEND = YES;
				ENABLE_TESTABILITY = YES;
				GCC_C_LANGUAGE_STANDARD = gnu11;
				GCC_DYNAMIC_NO_PIC = NO;
				GCC_NO_COMMON_BLOCKS = YES;
				GCC_OPTIMIZATION_LEVEL = 0;
				GCC_PREPROCESSOR_DEFINITIONS = (
					"DEBUG=1",
					"$(inherited)",
				);
				GCC_WARN_64_TO_32_BIT_CONVERSION = YES;
				GCC_WARN_ABOUT_RETURN_TYPE = YES_ERROR;
				GCC_WARN_UNDECLARED_SELECTOR = YES;
				GCC_WARN_UNINITIALIZED_AUTOS = YES_AGGRESSIVE;
				GCC_WARN_UNUSED_FUNCTION = YES;
				GCC_WARN_UNUSED_VARIABLE = YES;
				IPHONEOS_DEPLOYMENT_TARGET = 15.5;
				MTL_ENABLE_DEBUG_INFO = INCLUDE_SOURCE;
				MTL_FAST_MATH = YES;
				ONLY_ACTIVE_ARCH = YES;
				SDKROOT = iphoneos;
				SWIFT_ACTIVE_COMPILATION_CONDITIONS = DEBUG;
				SWIFT_OPTIMIZATION_LEVEL = "-Onone";
			};
			name = Debug;
		};
		22A9A1B828CF9908009657AB /* Release */ = {
			isa = XCBuildConfiguration;
			buildSettings = {
				ALWAYS_SEARCH_USER_PATHS = NO;
				CLANG_ANALYZER_NONNULL = YES;
				CLANG_ANALYZER_NUMBER_OBJECT_CONVERSION = YES_AGGRESSIVE;
				CLANG_CXX_LANGUAGE_STANDARD = "gnu++17";
				CLANG_ENABLE_MODULES = YES;
				CLANG_ENABLE_OBJC_ARC = YES;
				CLANG_ENABLE_OBJC_WEAK = YES;
				CLANG_WARN_BLOCK_CAPTURE_AUTORELEASING = YES;
				CLANG_WARN_BOOL_CONVERSION = YES;
				CLANG_WARN_COMMA = YES;
				CLANG_WARN_CONSTANT_CONVERSION = YES;
				CLANG_WARN_DEPRECATED_OBJC_IMPLEMENTATIONS = YES;
				CLANG_WARN_DIRECT_OBJC_ISA_USAGE = YES_ERROR;
				CLANG_WARN_DOCUMENTATION_COMMENTS = YES;
				CLANG_WARN_EMPTY_BODY = YES;
				CLANG_WARN_ENUM_CONVERSION = YES;
				CLANG_WARN_INFINITE_RECURSION = YES;
				CLANG_WARN_INT_CONVERSION = YES;
				CLANG_WARN_NON_LITERAL_NULL_CONVERSION = YES;
				CLANG_WARN_OBJC_IMPLICIT_RETAIN_SELF = YES;
				CLANG_WARN_OBJC_LITERAL_CONVERSION = YES;
				CLANG_WARN_OBJC_ROOT_CLASS = YES_ERROR;
				CLANG_WARN_QUOTED_INCLUDE_IN_FRAMEWORK_HEADER = YES;
				CLANG_WARN_RANGE_LOOP_ANALYSIS = YES;
				CLANG_WARN_STRICT_PROTOTYPES = YES;
				CLANG_WARN_SUSPICIOUS_MOVE = YES;
				CLANG_WARN_UNGUARDED_AVAILABILITY = YES_AGGRESSIVE;
				CLANG_WARN_UNREACHABLE_CODE = YES;
				CLANG_WARN__DUPLICATE_METHOD_MATCH = YES;
				COPY_PHASE_STRIP = NO;
				DEBUG_INFORMATION_FORMAT = "dwarf-with-dsym";
				ENABLE_NS_ASSERTIONS = NO;
				ENABLE_STRICT_OBJC_MSGSEND = YES;
				GCC_C_LANGUAGE_STANDARD = gnu11;
				GCC_NO_COMMON_BLOCKS = YES;
				GCC_WARN_64_TO_32_BIT_CONVERSION = YES;
				GCC_WARN_ABOUT_RETURN_TYPE = YES_ERROR;
				GCC_WARN_UNDECLARED_SELECTOR = YES;
				GCC_WARN_UNINITIALIZED_AUTOS = YES_AGGRESSIVE;
				GCC_WARN_UNUSED_FUNCTION = YES;
				GCC_WARN_UNUSED_VARIABLE = YES;
				IPHONEOS_DEPLOYMENT_TARGET = 15.5;
				MTL_ENABLE_DEBUG_INFO = NO;
				MTL_FAST_MATH = YES;
				SDKROOT = iphoneos;
				SWIFT_COMPILATION_MODE = wholemodule;
				SWIFT_OPTIMIZATION_LEVEL = "-O";
				VALIDATE_PRODUCT = YES;
			};
			name = Release;
		};
		22A9A1BA28CF9908009657AB /* Debug */ = {
			isa = XCBuildConfiguration;
			buildSettings = {
				ASSETCATALOG_COMPILER_APPICON_NAME = AppIcon;
				ASSETCATALOG_COMPILER_GLOBAL_ACCENT_COLOR_NAME = AccentColor;
				CODE_SIGN_STYLE = Automatic;
				CURRENT_PROJECT_VERSION = 1;
				DEVELOPMENT_TEAM = 647MFA6TDC;
				GENERATE_INFOPLIST_FILE = YES;
				INFOPLIST_FILE = VoiceOver/Info.plist;
				INFOPLIST_KEY_UIApplicationSupportsIndirectInputEvents = YES;
				INFOPLIST_KEY_UILaunchStoryboardName = LaunchScreen;
				INFOPLIST_KEY_UIMainStoryboardFile = Main;
				INFOPLIST_KEY_UISupportedInterfaceOrientations_iPad = "UIInterfaceOrientationPortrait UIInterfaceOrientationPortraitUpsideDown UIInterfaceOrientationLandscapeLeft UIInterfaceOrientationLandscapeRight";
				INFOPLIST_KEY_UISupportedInterfaceOrientations_iPhone = "UIInterfaceOrientationPortrait UIInterfaceOrientationLandscapeLeft UIInterfaceOrientationLandscapeRight";
				LD_RUNPATH_SEARCH_PATHS = (
					"$(inherited)",
					"@executable_path/Frameworks",
				);
				MARKETING_VERSION = 1.0;
				PRODUCT_BUNDLE_IDENTIFIER = "Sevio-Correa.VoiceOver";
				PRODUCT_NAME = "$(TARGET_NAME)";
				SWIFT_EMIT_LOC_STRINGS = YES;
				SWIFT_VERSION = 5.0;
				TARGETED_DEVICE_FAMILY = "1,2";
			};
			name = Debug;
		};
		22A9A1BB28CF9908009657AB /* Release */ = {
			isa = XCBuildConfiguration;
			buildSettings = {
				ASSETCATALOG_COMPILER_APPICON_NAME = AppIcon;
				ASSETCATALOG_COMPILER_GLOBAL_ACCENT_COLOR_NAME = AccentColor;
				CODE_SIGN_STYLE = Automatic;
				CURRENT_PROJECT_VERSION = 1;
				DEVELOPMENT_TEAM = 647MFA6TDC;
				GENERATE_INFOPLIST_FILE = YES;
				INFOPLIST_FILE = VoiceOver/Info.plist;
				INFOPLIST_KEY_UIApplicationSupportsIndirectInputEvents = YES;
				INFOPLIST_KEY_UILaunchStoryboardName = LaunchScreen;
				INFOPLIST_KEY_UIMainStoryboardFile = Main;
				INFOPLIST_KEY_UISupportedInterfaceOrientations_iPad = "UIInterfaceOrientationPortrait UIInterfaceOrientationPortraitUpsideDown UIInterfaceOrientationLandscapeLeft UIInterfaceOrientationLandscapeRight";
				INFOPLIST_KEY_UISupportedInterfaceOrientations_iPhone = "UIInterfaceOrientationPortrait UIInterfaceOrientationLandscapeLeft UIInterfaceOrientationLandscapeRight";
				LD_RUNPATH_SEARCH_PATHS = (
					"$(inherited)",
					"@executable_path/Frameworks",
				);
				MARKETING_VERSION = 1.0;
				PRODUCT_BUNDLE_IDENTIFIER = "Sevio-Correa.VoiceOver";
				PRODUCT_NAME = "$(TARGET_NAME)";
				SWIFT_EMIT_LOC_STRINGS = YES;
				SWIFT_VERSION = 5.0;
				TARGETED_DEVICE_FAMILY = "1,2";
			};
			name = Release;
		};
		22A9A1BD28CF9908009657AB /* Debug */ = {
			isa = XCBuildConfiguration;
			buildSettings = {
				ALWAYS_EMBED_SWIFT_STANDARD_LIBRARIES = YES;
				BUNDLE_LOADER = "$(TEST_HOST)";
				CODE_SIGN_STYLE = Automatic;
				CURRENT_PROJECT_VERSION = 1;
				DEVELOPMENT_TEAM = 647MFA6TDC;
				GENERATE_INFOPLIST_FILE = YES;
				IPHONEOS_DEPLOYMENT_TARGET = 15.5;
				MARKETING_VERSION = 1.0;
				PRODUCT_BUNDLE_IDENTIFIER = "Sevio-Correa.VoiceOverTests";
				PRODUCT_NAME = "$(TARGET_NAME)";
				SWIFT_EMIT_LOC_STRINGS = NO;
				SWIFT_VERSION = 5.0;
				TARGETED_DEVICE_FAMILY = "1,2";
				TEST_HOST = "$(BUILT_PRODUCTS_DIR)/VoiceOver.app/VoiceOver";
			};
			name = Debug;
		};
		22A9A1BE28CF9908009657AB /* Release */ = {
			isa = XCBuildConfiguration;
			buildSettings = {
				ALWAYS_EMBED_SWIFT_STANDARD_LIBRARIES = YES;
				BUNDLE_LOADER = "$(TEST_HOST)";
				CODE_SIGN_STYLE = Automatic;
				CURRENT_PROJECT_VERSION = 1;
				DEVELOPMENT_TEAM = 647MFA6TDC;
				GENERATE_INFOPLIST_FILE = YES;
				IPHONEOS_DEPLOYMENT_TARGET = 15.5;
				MARKETING_VERSION = 1.0;
				PRODUCT_BUNDLE_IDENTIFIER = "Sevio-Correa.VoiceOverTests";
				PRODUCT_NAME = "$(TARGET_NAME)";
				SWIFT_EMIT_LOC_STRINGS = NO;
				SWIFT_VERSION = 5.0;
				TARGETED_DEVICE_FAMILY = "1,2";
				TEST_HOST = "$(BUILT_PRODUCTS_DIR)/VoiceOver.app/VoiceOver";
			};
			name = Release;
		};
		22A9A1C028CF9908009657AB /* Debug */ = {
			isa = XCBuildConfiguration;
			buildSettings = {
				ALWAYS_EMBED_SWIFT_STANDARD_LIBRARIES = YES;
				CODE_SIGN_STYLE = Automatic;
				CURRENT_PROJECT_VERSION = 1;
				DEVELOPMENT_TEAM = 647MFA6TDC;
				GENERATE_INFOPLIST_FILE = YES;
				MARKETING_VERSION = 1.0;
				PRODUCT_BUNDLE_IDENTIFIER = "Sevio-Correa.VoiceOverUITests";
				PRODUCT_NAME = "$(TARGET_NAME)";
				SWIFT_EMIT_LOC_STRINGS = NO;
				SWIFT_VERSION = 5.0;
				TARGETED_DEVICE_FAMILY = "1,2";
				TEST_TARGET_NAME = VoiceOver;
			};
			name = Debug;
		};
		22A9A1C128CF9908009657AB /* Release */ = {
			isa = XCBuildConfiguration;
			buildSettings = {
				ALWAYS_EMBED_SWIFT_STANDARD_LIBRARIES = YES;
				CODE_SIGN_STYLE = Automatic;
				CURRENT_PROJECT_VERSION = 1;
				DEVELOPMENT_TEAM = 647MFA6TDC;
				GENERATE_INFOPLIST_FILE = YES;
				MARKETING_VERSION = 1.0;
				PRODUCT_BUNDLE_IDENTIFIER = "Sevio-Correa.VoiceOverUITests";
				PRODUCT_NAME = "$(TARGET_NAME)";
				SWIFT_EMIT_LOC_STRINGS = NO;
				SWIFT_VERSION = 5.0;
				TARGETED_DEVICE_FAMILY = "1,2";
				TEST_TARGET_NAME = VoiceOver;
			};
			name = Release;
		};
/* End XCBuildConfiguration section */

/* Begin XCConfigurationList section */
		22A9A18A28CF9904009657AB /* Build configuration list for PBXProject "VoiceOver" */ = {
			isa = XCConfigurationList;
			buildConfigurations = (
				22A9A1B728CF9908009657AB /* Debug */,
				22A9A1B828CF9908009657AB /* Release */,
			);
			defaultConfigurationIsVisible = 0;
			defaultConfigurationName = Release;
		};
		22A9A1B928CF9908009657AB /* Build configuration list for PBXNativeTarget "VoiceOver" */ = {
			isa = XCConfigurationList;
			buildConfigurations = (
				22A9A1BA28CF9908009657AB /* Debug */,
				22A9A1BB28CF9908009657AB /* Release */,
			);
			defaultConfigurationIsVisible = 0;
			defaultConfigurationName = Release;
		};
		22A9A1BC28CF9908009657AB /* Build configuration list for PBXNativeTarget "VoiceOverTests" */ = {
			isa = XCConfigurationList;
			buildConfigurations = (
				22A9A1BD28CF9908009657AB /* Debug */,
				22A9A1BE28CF9908009657AB /* Release */,
			);
			defaultConfigurationIsVisible = 0;
			defaultConfigurationName = Release;
		};
		22A9A1BF28CF9908009657AB /* Build configuration list for PBXNativeTarget "VoiceOverUITests" */ = {
			isa = XCConfigurationList;
			buildConfigurations = (
				22A9A1C028CF9908009657AB /* Debug */,
				22A9A1C128CF9908009657AB /* Release */,
			);
			defaultConfigurationIsVisible = 0;
			defaultConfigurationName = Release;
		};
/* End XCConfigurationList section */
	};
	rootObject = 22A9A18728CF9904009657AB /* Project object */;
}
